
Microsoft Visual Studio Solution File, Format Version 12.00
# Visual Studio 2013
VisualStudioVersion = 12.0.31101.0
MinimumVisualStudioVersion = 10.0.40219.1
Project("{FAE04EC0-301F-11D3-BF4B-00C04F79EFBC}") = "LMS-MVC", "LMS-MVC\LMS-MVC.csproj", "{69A0F311-0450-4DF4-B646-75376FA8E053}"
EndProject
Project("{FAE04EC0-301F-11D3-BF4B-00C04F79EFBC}") = "LMS-MVC.Tests", "..\..\..\..\Documents\Visual Studio 2013\Projects\LMS-MVC\LMS-MVC.Tests\LMS-MVC.Tests.csproj", "{5AE605B8-AF99-4DCD-973D-E38604DB83C0}"
EndProject
Global
	GlobalSection(SolutionConfigurationPlatforms) = preSolution
		Debug|Any CPU = Debug|Any CPU
		Release|Any CPU = Release|Any CPU
	EndGlobalSection
	GlobalSection(ProjectConfigurationPlatforms) = postSolution
		{69A0F311-0450-4DF4-B646-75376FA8E053}.Debug|Any CPU.ActiveCfg = Debug|Any CPU
		{69A0F311-0450-4DF4-B646-75376FA8E053}.Debug|Any CPU.Build.0 = Debug|Any CPU
		{69A0F311-0450-4DF4-B646-75376FA8E053}.Release|Any CPU.ActiveCfg = Release|Any CPU
		{69A0F311-0450-4DF4-B646-75376FA8E053}.Release|Any CPU.Build.0 = Release|Any CPU
		{5AE605B8-AF99-4DCD-973D-E38604DB83C0}.Debug|Any CPU.ActiveCfg = Debug|Any CPU
		{5AE605B8-AF99-4DCD-973D-E38604DB83C0}.Debug|Any CPU.Build.0 = Debug|Any CPU
		{5AE605B8-AF99-4DCD-973D-E38604DB83C0}.Release|Any CPU.ActiveCfg = Release|Any CPU
		{5AE605B8-AF99-4DCD-973D-E38604DB83C0}.Release|Any CPU.Build.0 = Release|Any CPU
	EndGlobalSection
	GlobalSection(SolutionProperties) = preSolution
		HideSolutionNode = FALSE
	EndGlobalSection
EndGlobal
